
Microsoft Visual Studio Solution File, Format Version 12.00
# Visual Studio 2013
VisualStudioVersion = 12.0.31101.0
MinimumVisualStudioVersion = 10.0.40219.1
Project("{FAE04EC0-301F-11D3-BF4B-00C04F79EFBC}") = "FindXpert.Repository", "FindXpert.Repository\FindXpert.Repository.csproj", "{915D3110-C4D9-404C-92DE-95B82FF10942}"
EndProject
Project("{FAE04EC0-301F-11D3-BF4B-00C04F79EFBC}") = "FindXpert.DTO", "FindXpert.DTO\FindXpert.DTO.csproj", "{ADF7FCD5-6BAC-4A6C-9F24-C3116E953DE8}"
EndProject
Project("{FAE04EC0-301F-11D3-BF4B-00C04F79EFBC}") = "FindXpert.Core", "FindXpert.Core\FindXpert.Core.csproj", "{D2A9F347-FB5B-4072-94D9-D5D47934C9CA}"
EndProject
Project("{FAE04EC0-301F-11D3-BF4B-00C04F79EFBC}") = "FindXpert.Tests", "FindXpert.Tests\FindXpert.Tests.csproj", "{2D93B76A-9DCF-4FA0-BFEF-C4EEA6AF84B9}"
EndProject
Global
	GlobalSection(SolutionConfigurationPlatforms) = preSolution
		Debug|Any CPU = Debug|Any CPU
		Release|Any CPU = Release|Any CPU
	EndGlobalSection
	GlobalSection(ProjectConfigurationPlatforms) = postSolution
		{915D3110-C4D9-404C-92DE-95B82FF10942}.Debug|Any CPU.ActiveCfg = Debug|Any CPU
		{915D3110-C4D9-404C-92DE-95B82FF10942}.Debug|Any CPU.Build.0 = Debug|Any CPU
		{915D3110-C4D9-404C-92DE-95B82FF10942}.Release|Any CPU.ActiveCfg = Release|Any CPU
		{915D3110-C4D9-404C-92DE-95B82FF10942}.Release|Any CPU.Build.0 = Release|Any CPU
		{ADF7FCD5-6BAC-4A6C-9F24-C3116E953DE8}.Debug|Any CPU.ActiveCfg = Debug|Any CPU
		{ADF7FCD5-6BAC-4A6C-9F24-C3116E953DE8}.Debug|Any CPU.Build.0 = Debug|Any CPU
		{ADF7FCD5-6BAC-4A6C-9F24-C3116E953DE8}.Release|Any CPU.ActiveCfg = Release|Any CPU
		{ADF7FCD5-6BAC-4A6C-9F24-C3116E953DE8}.Release|Any CPU.Build.0 = Release|Any CPU
		{D2A9F347-FB5B-4072-94D9-D5D47934C9CA}.Debug|Any CPU.ActiveCfg = Debug|Any CPU
		{D2A9F347-FB5B-4072-94D9-D5D47934C9CA}.Debug|Any CPU.Build.0 = Debug|Any CPU
		{D2A9F347-FB5B-4072-94D9-D5D47934C9CA}.Release|Any CPU.ActiveCfg = Release|Any CPU
		{D2A9F347-FB5B-4072-94D9-D5D47934C9CA}.Release|Any CPU.Build.0 = Release|Any CPU
		{2D93B76A-9DCF-4FA0-BFEF-C4EEA6AF84B9}.Debug|Any CPU.ActiveCfg = Debug|Any CPU
		{2D93B76A-9DCF-4FA0-BFEF-C4EEA6AF84B9}.Debug|Any CPU.Build.0 = Debug|Any CPU
		{2D93B76A-9DCF-4FA0-BFEF-C4EEA6AF84B9}.Release|Any CPU.ActiveCfg = Release|Any CPU
		{2D93B76A-9DCF-4FA0-BFEF-C4EEA6AF84B9}.Release|Any CPU.Build.0 = Release|Any CPU
	EndGlobalSection
	GlobalSection(SolutionProperties) = preSolution
		HideSolutionNode = FALSE
	EndGlobalSection
EndGlobal
